
Microsoft Visual Studio Solution File, Format Version 12.00
# Visual Studio Version 17
VisualStudioVersion = 17.3.32929.385
MinimumVisualStudioVersion = 10.0.40219.1
Project("{FAE04EC0-301F-11D3-BF4B-00C04F79EFBC}") = "GeometryWindowsUI", "GeometryWindowsUI\GeometryWindowsUI.csproj", "{0D74C6EB-9FF7-4BE2-B032-31FC23038163}"
EndProject
Global
	GlobalSection(SolutionConfigurationPlatforms) = preSolution
		Debug|Any CPU = Debug|Any CPU
		Release|Any CPU = Release|Any CPU
	EndGlobalSection
	GlobalSection(ProjectConfigurationPlatforms) = postSolution
		{0D74C6EB-9FF7-4BE2-B032-31FC23038163}.Debug|Any CPU.ActiveCfg = Debug|Any CPU
		{0D74C6EB-9FF7-4BE2-B032-31FC23038163}.Debug|Any CPU.Build.0 = Debug|Any CPU
		{0D74C6EB-9FF7-4BE2-B032-31FC23038163}.Release|Any CPU.ActiveCfg = Release|Any CPU
		{0D74C6EB-9FF7-4BE2-B032-31FC23038163}.Release|Any CPU.Build.0 = Release|Any CPU
	EndGlobalSection
	GlobalSection(SolutionProperties) = preSolution
		HideSolutionNode = FALSE
	EndGlobalSection
	GlobalSection(ExtensibilityGlobals) = postSolution
		SolutionGuid = {B8624BDA-F4BD-498C-B5B2-9C088FA5A34F}
	EndGlobalSection
EndGlobal
